
Microsoft Visual Studio Solution File, Format Version 12.00
# Visual Studio Version 16
VisualStudioVersion = 16.0.29728.190
MinimumVisualStudioVersion = 10.0.40219.1
Project("{9A19103F-16F7-4668-BE54-9A1E7A4F7556}") = "EFCoreCourseDemo", "EFCoreCourseDemo\EFCoreCourseDemo.csproj", "{4D306885-546A-4292-833C-A214170E707B}"
EndProject
Project("{9A19103F-16F7-4668-BE54-9A1E7A4F7556}") = "Model", "Model\Model.csproj", "{863FF638-1033-45B0-AFD5-BAFBC145910D}"
EndProject
Global
	GlobalSection(SolutionConfigurationPlatforms) = preSolution
		Debug|Any CPU = Debug|Any CPU
		Release|Any CPU = Release|Any CPU
	EndGlobalSection
	GlobalSection(ProjectConfigurationPlatforms) = postSolution
		{4D306885-546A-4292-833C-A214170E707B}.Debug|Any CPU.ActiveCfg = Debug|Any CPU
		{4D306885-546A-4292-833C-A214170E707B}.Debug|Any CPU.Build.0 = Debug|Any CPU
		{4D306885-546A-4292-833C-A214170E707B}.Release|Any CPU.ActiveCfg = Release|Any CPU
		{4D306885-546A-4292-833C-A214170E707B}.Release|Any CPU.Build.0 = Release|Any CPU
		{863FF638-1033-45B0-AFD5-BAFBC145910D}.Debug|Any CPU.ActiveCfg = Debug|Any CPU
		{863FF638-1033-45B0-AFD5-BAFBC145910D}.Debug|Any CPU.Build.0 = Debug|Any CPU
		{863FF638-1033-45B0-AFD5-BAFBC145910D}.Release|Any CPU.ActiveCfg = Release|Any CPU
		{863FF638-1033-45B0-AFD5-BAFBC145910D}.Release|Any CPU.Build.0 = Release|Any CPU
	EndGlobalSection
	GlobalSection(SolutionProperties) = preSolution
		HideSolutionNode = FALSE
	EndGlobalSection
	GlobalSection(ExtensibilityGlobals) = postSolution
		SolutionGuid = {E2292E3C-5C7C-47DF-A9E5-CAF314A6CC6A}
	EndGlobalSection
EndGlobal
